
Microsoft Visual Studio Solution File, Format Version 12.00
# Visual Studio Version 17
VisualStudioVersion = 17.12.35514.174
MinimumVisualStudioVersion = 10.0.40219.1
Project("{2150E333-8FDC-42A3-9474-1A3956D46DE8}") = "FrontEnd", "FrontEnd", "{41DAE95F-CBBD-4FF1-8252-17B238C33BA8}"
EndProject
Project("{2150E333-8FDC-42A3-9474-1A3956D46DE8}") = "Gateway", "Gateway", "{51B35EB7-7711-48F1-A986-F4B660717E5B}"
EndProject
Project("{2150E333-8FDC-42A3-9474-1A3956D46DE8}") = "Integration", "Integration", "{D801BBE4-C310-4A31-AE5E-1222B6F9DDCA}"
EndProject
Project("{2150E333-8FDC-42A3-9474-1A3956D46DE8}") = "Services", "Services", "{2E17CD57-62CB-4110-96B3-6F5F467A3286}"
EndProject
Project("{FAE04EC0-301F-11D3-BF4B-00C04F79EFBC}") = "Mango.Services.CouponApi", "Mango.Services.CouponApi\Mango.Services.CouponApi.csproj", "{F2C66600-205B-46B3-8F79-F449D08143A6}"
EndProject
Global
	GlobalSection(SolutionConfigurationPlatforms) = preSolution
		Debug|Any CPU = Debug|Any CPU
		Release|Any CPU = Release|Any CPU
	EndGlobalSection
	GlobalSection(ProjectConfigurationPlatforms) = postSolution
		{F2C66600-205B-46B3-8F79-F449D08143A6}.Debug|Any CPU.ActiveCfg = Debug|Any CPU
		{F2C66600-205B-46B3-8F79-F449D08143A6}.Debug|Any CPU.Build.0 = Debug|Any CPU
		{F2C66600-205B-46B3-8F79-F449D08143A6}.Release|Any CPU.ActiveCfg = Release|Any CPU
		{F2C66600-205B-46B3-8F79-F449D08143A6}.Release|Any CPU.Build.0 = Release|Any CPU
	EndGlobalSection
	GlobalSection(SolutionProperties) = preSolution
		HideSolutionNode = FALSE
	EndGlobalSection
	GlobalSection(NestedProjects) = preSolution
		{F2C66600-205B-46B3-8F79-F449D08143A6} = {2E17CD57-62CB-4110-96B3-6F5F467A3286}
	EndGlobalSection
EndGlobal
